
Microsoft Visual Studio Solution File, Format Version 12.00
# Visual Studio Version 16
VisualStudioVersion = 16.0.30804.86
MinimumVisualStudioVersion = 10.0.40219.1
Project("{FAE04EC0-301F-11D3-BF4B-00C04F79EFBC}") = "Crc32 Checker", "Crc32 Checker\Crc32 Checker.csproj", "{F26C68A7-D320-466D-B459-B289EBBAADC5}"
EndProject
Global
	GlobalSection(SolutionConfigurationPlatforms) = preSolution
		Debug|Any CPU = Debug|Any CPU
		Release|Any CPU = Release|Any CPU
	EndGlobalSection
	GlobalSection(ProjectConfigurationPlatforms) = postSolution
		{F26C68A7-D320-466D-B459-B289EBBAADC5}.Debug|Any CPU.ActiveCfg = Debug|Any CPU
		{F26C68A7-D320-466D-B459-B289EBBAADC5}.Debug|Any CPU.Build.0 = Debug|Any CPU
		{F26C68A7-D320-466D-B459-B289EBBAADC5}.Release|Any CPU.ActiveCfg = Release|Any CPU
		{F26C68A7-D320-466D-B459-B289EBBAADC5}.Release|Any CPU.Build.0 = Release|Any CPU
	EndGlobalSection
	GlobalSection(SolutionProperties) = preSolution
		HideSolutionNode = FALSE
	EndGlobalSection
	GlobalSection(ExtensibilityGlobals) = postSolution
		SolutionGuid = {F09A124D-FB8B-43CE-8487-64397D6F705F}
	EndGlobalSection
EndGlobal
